
Microsoft Visual Studio Solution File, Format Version 12.00
# Visual Studio Version 17
VisualStudioVersion = 17.7.34031.279
MinimumVisualStudioVersion = 10.0.40219.1
Project("{FAE04EC0-301F-11D3-BF4B-00C04F79EFBC}") = "Empresa.BSS", "Empresa.BSS\Empresa.BSS.csproj", "{99C083EA-7B89-40E1-B24B-FF6E4498407F}"
EndProject
Project("{FAE04EC0-301F-11D3-BF4B-00C04F79EFBC}") = "Empresa.DAL", "Empresa.DAL\Empresa.DAL.csproj", "{AE21BF3A-E58F-43F0-BFA9-C3FF0F7A666C}"
EndProject
Project("{FAE04EC0-301F-11D3-BF4B-00C04F79EFBC}") = "Empresa.MODELO", "Empresa.MODELO\Empresa.MODELO.csproj", "{56C36F62-47EE-4285-8262-47D4D6255B56}"
EndProject
Project("{FAE04EC0-301F-11D3-BF4B-00C04F79EFBC}") = "Empresa.VISTA", "Empresa.VISTA\Empresa.VISTA.csproj", "{35506607-E447-40A4-8FFE-E703078D5CFF}"
EndProject
Global
	GlobalSection(SolutionConfigurationPlatforms) = preSolution
		Debug|Any CPU = Debug|Any CPU
		Release|Any CPU = Release|Any CPU
	EndGlobalSection
	GlobalSection(ProjectConfigurationPlatforms) = postSolution
		{99C083EA-7B89-40E1-B24B-FF6E4498407F}.Debug|Any CPU.ActiveCfg = Debug|Any CPU
		{99C083EA-7B89-40E1-B24B-FF6E4498407F}.Debug|Any CPU.Build.0 = Debug|Any CPU
		{99C083EA-7B89-40E1-B24B-FF6E4498407F}.Release|Any CPU.ActiveCfg = Release|Any CPU
		{99C083EA-7B89-40E1-B24B-FF6E4498407F}.Release|Any CPU.Build.0 = Release|Any CPU
		{AE21BF3A-E58F-43F0-BFA9-C3FF0F7A666C}.Debug|Any CPU.ActiveCfg = Debug|Any CPU
		{AE21BF3A-E58F-43F0-BFA9-C3FF0F7A666C}.Debug|Any CPU.Build.0 = Debug|Any CPU
		{AE21BF3A-E58F-43F0-BFA9-C3FF0F7A666C}.Release|Any CPU.ActiveCfg = Release|Any CPU
		{AE21BF3A-E58F-43F0-BFA9-C3FF0F7A666C}.Release|Any CPU.Build.0 = Release|Any CPU
		{56C36F62-47EE-4285-8262-47D4D6255B56}.Debug|Any CPU.ActiveCfg = Debug|Any CPU
		{56C36F62-47EE-4285-8262-47D4D6255B56}.Debug|Any CPU.Build.0 = Debug|Any CPU
		{56C36F62-47EE-4285-8262-47D4D6255B56}.Release|Any CPU.ActiveCfg = Release|Any CPU
		{56C36F62-47EE-4285-8262-47D4D6255B56}.Release|Any CPU.Build.0 = Release|Any CPU
		{35506607-E447-40A4-8FFE-E703078D5CFF}.Debug|Any CPU.ActiveCfg = Debug|Any CPU
		{35506607-E447-40A4-8FFE-E703078D5CFF}.Debug|Any CPU.Build.0 = Debug|Any CPU
		{35506607-E447-40A4-8FFE-E703078D5CFF}.Release|Any CPU.ActiveCfg = Release|Any CPU
		{35506607-E447-40A4-8FFE-E703078D5CFF}.Release|Any CPU.Build.0 = Release|Any CPU
	EndGlobalSection
	GlobalSection(SolutionProperties) = preSolution
		HideSolutionNode = FALSE
	EndGlobalSection
	GlobalSection(ExtensibilityGlobals) = postSolution
		SolutionGuid = {1C54CBF1-C143-4484-B771-6A8B986FCC1B}
	EndGlobalSection
EndGlobal
